PODS:
  - DRYLogging (3.0.0)
  - DRYTestUtilities (0.1.1)
  - OCHamcrest (4.1.1)
  - OCMockito (1.4.0):
    - OCHamcrest (~> 4.0)

DEPENDENCIES:
  - DRYLogging (from `../`)
  - DRYTestUtilities
  - OCHamcrest
  - OCMockito

EXTERNAL SOURCES:
  DRYLogging:
    :path: "../"

SPEC CHECKSUMS:
  DRYLogging: 13e9adb17be876a72ef79ec0163a852b4350645e
  DRYTestUtilities: bd822808b8a648372f40d8b364bc9a3981c448a1
  OCHamcrest: 6f03ffa81d12feab872638490a44ab0a6d3aca10
  OCMockito: 4981140c9a9ec06c31af40f636e3c0f25f27e6b2

PODFILE CHECKSUM: 8b592ff127711010375ac5af4d026d83feaeacb1

COCOAPODS: 1.1.1
